
Microsoft Visual Studio Solution File, Format Version 12.00
# Visual Studio 2013
VisualStudioVersion = 12.0.21005.1
MinimumVisualStudioVersion = 10.0.40219.1
Project("{8BC9CEB8-8B4A-11D0-8D11-00A0C91BC942}") = "Sparky-core", "Sparky-core\Sparky-core.vcxproj", "{5B4AAD45-07F3-4009-BBCF-29E001B8B58E}"
EndProject
Project("{8BC9CEB8-8B4A-11D0-8D11-00A0C91BC942}") = "Game", "Game\Game.vcxproj", "{69E1E925-A9EA-4104-A0D3-6C81F5D5BF86}"
EndProject
Global
	GlobalSection(SolutionConfigurationPlatforms) = preSolution
		Debug|Win32 = Debug|Win32
		Release|Win32 = Release|Win32
	EndGlobalSection
	GlobalSection(ProjectConfigurationPlatforms) = postSolution
		{5B4AAD45-07F3-4009-BBCF-29E001B8B58E}.Debug|Win32.ActiveCfg = Debug|Win32
		{5B4AAD45-07F3-4009-BBCF-29E001B8B58E}.Debug|Win32.Build.0 = Debug|Win32
		{5B4AAD45-07F3-4009-BBCF-29E001B8B58E}.Release|Win32.ActiveCfg = Release|Win32
		{5B4AAD45-07F3-4009-BBCF-29E001B8B58E}.Release|Win32.Build.0 = Release|Win32
		{69E1E925-A9EA-4104-A0D3-6C81F5D5BF86}.Debug|Win32.ActiveCfg = Debug|Win32
		{69E1E925-A9EA-4104-A0D3-6C81F5D5BF86}.Debug|Win32.Build.0 = Debug|Win32
		{69E1E925-A9EA-4104-A0D3-6C81F5D5BF86}.Release|Win32.ActiveCfg = Release|Win32
		{69E1E925-A9EA-4104-A0D3-6C81F5D5BF86}.Release|Win32.Build.0 = Release|Win32
	EndGlobalSection
	GlobalSection(SolutionProperties) = preSolution
		HideSolutionNode = FALSE
	EndGlobalSection
EndGlobal
